
Microsoft Visual Studio Solution File, Format Version 12.00
# Visual Studio Version 17
VisualStudioVersion = 17.14.36414.22 d17.14
MinimumVisualStudioVersion = 10.0.40219.1
Project("{FAE04EC0-301F-11D3-BF4B-00C04F79EFBC}") = "parserColorBackground", "parserColorBackground.csproj", "{FB999286-8153-43AF-88FC-9D1A71E79196}"
EndProject
Global
	GlobalSection(SolutionConfigurationPlatforms) = preSolution
		Debug|Any CPU = Debug|Any CPU
		Release|Any CPU = Release|Any CPU
	EndGlobalSection
	GlobalSection(ProjectConfigurationPlatforms) = postSolution
		{FB999286-8153-43AF-88FC-9D1A71E79196}.Debug|Any CPU.ActiveCfg = Debug|Any CPU
		{FB999286-8153-43AF-88FC-9D1A71E79196}.Debug|Any CPU.Build.0 = Debug|Any CPU
		{FB999286-8153-43AF-88FC-9D1A71E79196}.Debug|Any CPU.Deploy.0 = Debug|Any CPU
		{FB999286-8153-43AF-88FC-9D1A71E79196}.Release|Any CPU.ActiveCfg = Release|Any CPU
		{FB999286-8153-43AF-88FC-9D1A71E79196}.Release|Any CPU.Build.0 = Release|Any CPU
		{FB999286-8153-43AF-88FC-9D1A71E79196}.Release|Any CPU.Deploy.0 = Release|Any CPU
	EndGlobalSection
	GlobalSection(SolutionProperties) = preSolution
		HideSolutionNode = FALSE
	EndGlobalSection
	GlobalSection(ExtensibilityGlobals) = postSolution
		SolutionGuid = {AA2F2525-B8EC-498A-91F2-41837650B5BE}
	EndGlobalSection
EndGlobal
